
Microsoft Visual Studio Solution File, Format Version 12.00
# Visual Studio Version 17
VisualStudioVersion = 17.1.31911.260
MinimumVisualStudioVersion = 10.0.40219.1
Project("{FAE04EC0-301F-11D3-BF4B-00C04F79EFBC}") = "e-sign-api", "e-sign-api\e-sign-api.csproj", "{6292BEC0-99F9-4640-A9F7-75BF1DF776DE}"
EndProject
Global
	GlobalSection(SolutionConfigurationPlatforms) = preSolution
		Debug|Any CPU = Debug|Any CPU
		Release|Any CPU = Release|Any CPU
	EndGlobalSection
	GlobalSection(ProjectConfigurationPlatforms) = postSolution
		{6292BEC0-99F9-4640-A9F7-75BF1DF776DE}.Debug|Any CPU.ActiveCfg = Debug|Any CPU
		{6292BEC0-99F9-4640-A9F7-75BF1DF776DE}.Debug|Any CPU.Build.0 = Debug|Any CPU
		{6292BEC0-99F9-4640-A9F7-75BF1DF776DE}.Release|Any CPU.ActiveCfg = Release|Any CPU
		{6292BEC0-99F9-4640-A9F7-75BF1DF776DE}.Release|Any CPU.Build.0 = Release|Any CPU
	EndGlobalSection
	GlobalSection(SolutionProperties) = preSolution
		HideSolutionNode = FALSE
	EndGlobalSection
	GlobalSection(ExtensibilityGlobals) = postSolution
		SolutionGuid = {35BC5B98-A7BB-412C-98E8-FF2855E0F4AC}
	EndGlobalSection
EndGlobal
